// !$*UTF8*$!
{
	archiveVersion = 1;
	classes = {
	};
	objectVersion = 46;
	objects = {

/* Begin PBXBuildFile section */
		017838311F81CA6300965D66 /* AppDelegate.swift in Sources */ = {isa = PBXBuildFile; fileRef = 017838301F81CA6300965D66 /* AppDelegate.swift */; };
		017838331F81CA6300965D66 /* ViewController.swift in Sources */ = {isa = PBXBuildFile; fileRef = 017838321F81CA6300965D66 /* ViewController.swift */; };
		017838361F81CA6300965D66 /* Main.storyboard in Resources */ = {isa = PBXBuildFile; fileRef = 017838341F81CA6300965D66 /* Main.storyboard */; };
		017838391F81CA6300965D66 /* SwiftyCats.xcdatamodeld in Sources */ = {isa = PBXBuildFile; fileRef = 017838371F81CA6300965D66 /* SwiftyCats.xcdatamodeld */; };
		0178383B1F81CA6300965D66 /* Assets.xcassets in Resources */ = {isa = PBXBuildFile; fileRef = 0178383A1F81CA6300965D66 /* Assets.xcassets */; };
		0178383E1F81CA6300965D66 /* LaunchScreen.storyboard in Resources */ = {isa = PBXBuildFile; fileRef = 0178383C1F81CA6300965D66 /* LaunchScreen.storyboard */; };
/* End PBXBuildFile section */

/* Begin PBXFileReference section */
		0178382D1F81CA6300965D66 /* SwiftyCats.app */ = {isa = PBXFileReference; explicitFileType = wrapper.application; includeInIndex = 0; path = SwiftyCats.app; sourceTree = BUILT_PRODUCTS_DIR; };
		017838301F81CA6300965D66 /* AppDelegate.swift */ = {isa = PBXFileReference; lastKnownFileType = sourcecode.swift; path = AppDelegate.swift; sourceTree = "<group>"; };
		017838321F81CA6300965D66 /* ViewController.swift */ = {isa = PBXFileReference; lastKnownFileType = sourcecode.swift; path = ViewController.swift; sourceTree = "<group>"; };
		017838351F81CA6300965D66 /* Base */ = {isa = PBXFileReference; lastKnownFileType = file.storyboard; name = Base; path = Base.lproj/Main.storyboard; sourceTree = "<group>"; };
		017838381F81CA6300965D66 /* SwiftyCats.xcdatamodel */ = {isa = PBXFileReference; lastKnownFileType = wrapper.xcdatamodel; path = SwiftyCats.xcdatamodel; sourceTree = "<group>"; };
		0178383A1F81CA6300965D66 /* Assets.xcassets */ = {isa = PBXFileReference; lastKnownFileType = folder.assetcatalog; path = Assets.xcassets; sourceTree = "<group>"; };
		0178383D1F81CA6300965D66 /* Base */ = {isa = PBXFileReference; lastKnownFileType = file.storyboard; name = Base; path = Base.lproj/LaunchScreen.storyboard; sourceTree = "<group>"; };
		0178383F1F81CA6300965D66 /* Info.plist */ = {isa = PBXFileReference; lastKnownFileType = text.plist.xml; path = Info.plist; sourceTree = "<group>"; };
/* End PBXFileReference section */

/* Begin PBXFrameworksBuildPhase section */
		0178382A1F81CA6300965D66 /* Frameworks */ = {
			isa = PBXFrameworksBuildPhase;
			buildActionMask = 2147483647;
			files = (
			);
			runOnlyForDeploymentPostprocessing = 0;
		};
/* End PBXFrameworksBuildPhase section */

/* Begin PBXGroup section */
		017838241F81CA6300965D66 = {
			isa = PBXGroup;
			children = (
				0178382F1F81CA6300965D66 /* SwiftyCats */,
				0178382E1F81CA6300965D66 /* Products */,
			);
			sourceTree = "<group>";
		};
		0178382E1F81CA6300965D66 /* Products */ = {
			isa = PBXGroup;
			children = (
				0178382D1F81CA6300965D66 /* SwiftyCats.app */,
			);
			name = Products;
			sourceTree = "<group>";
		};
		0178382F1F81CA6300965D66 /* SwiftyCats */ = {
			isa = PBXGroup;
			children = (
				017838301F81CA6300965D66 /* AppDelegate.swift */,
				017838321F81CA6300965D66 /* ViewController.swift */,
				017838341F81CA6300965D66 /* Main.storyboard */,
				0178383A1F81CA6300965D66 /* Assets.xcassets */,
				0178383C1F81CA6300965D66 /* LaunchScreen.storyboard */,
				0178383F1F81CA6300965D66 /* Info.plist */,
				017838371F81CA6300965D66 /* SwiftyCats.xcdatamodeld */,
			);
			path = SwiftyCats;
			sourceTree = "<group>";
		};
/* End PBXGroup section */

/* Begin PBXNativeTarget section */
		0178382C1F81CA6300965D66 /* SwiftyCats */ = {
			isa = PBXNativeTarget;
			buildConfigurationList = 017838421F81CA6300965D66 /* Build configuration list for PBXNativeTarget "SwiftyCats" */;
			buildPhases = (
				017838291F81CA6300965D66 /* Sources */,
				0178382A1F81CA6300965D66 /* Frameworks */,
				0178382B1F81CA6300965D66 /* Resources */,
			);
			buildRules = (
			);
			dependencies = (
			);
			name = SwiftyCats;
			productName = SwiftyCats;
			productReference = 0178382D1F81CA6300965D66 /* SwiftyCats.app */;
			productType = "com.apple.product-type.application";
		};
/* End PBXNativeTarget section */

/* Begin PBXProject section */
		017838251F81CA6300965D66 /* Project object */ = {
			isa = PBXProject;
			attributes = {
				LastSwiftUpdateCheck = 0830;
				LastUpgradeCheck = 0830;
				ORGANIZATIONNAME = "Nicolas Guerrero";
				TargetAttributes = {
					0178382C1F81CA6300965D66 = {
						CreatedOnToolsVersion = 8.3.3;
						ProvisioningStyle = Automatic;
					};
				};
			};
			buildConfigurationList = 017838281F81CA6300965D66 /* Build configuration list for PBXProject "SwiftyCats" */;
			compatibilityVersion = "Xcode 3.2";
			developmentRegion = English;
			hasScannedForEncodings = 0;
			knownRegions = (
				en,
				Base,
			);
			mainGroup = 017838241F81CA6300965D66;
			productRefGroup = 0178382E1F81CA6300965D66 /* Products */;
			projectDirPath = "";
			projectRoot = "";
			targets = (
				0178382C1F81CA6300965D66 /* SwiftyCats */,
			);
		};
/* End PBXProject section */

/* Begin PBXResourcesBuildPhase section */
		0178382B1F81CA6300965D66 /* Resources */ = {
			isa = PBXResourcesBuildPhase;
			buildActionMask = 2147483647;
			files = (
				0178383E1F81CA6300965D66 /* LaunchScreen.storyboard in Resources */,
				0178383B1F81CA6300965D66 /* Assets.xcassets in Resources */,
				017838361F81CA6300965D66 /* Main.storyboard in Resources */,
			);
			runOnlyForDeploymentPostprocessing = 0;
		};
/* End PBXResourcesBuildPhase section */

/* Begin PBXSourcesBuildPhase section */
		017838291F81CA6300965D66 /* Sources */ = {
			isa = PBXSourcesBuildPhase;
			buildActionMask = 2147483647;
			files = (
				017838391F81CA6300965D66 /* SwiftyCats.xcdatamodeld in Sources */,
				017838331F81CA6300965D66 /* ViewController.swift in Sources */,
				017838311F81CA6300965D66 /* AppDelegate.swift in Sources */,
			);
			runOnlyForDeploymentPostprocessing = 0;
		};
/* End PBXSourcesBuildPhase section */

/* Begin PBXVariantGroup section */
		017838341F81CA6300965D66 /* Main.storyboard */ = {
			isa = PBXVariantGroup;
			children = (
				017838351F81CA6300965D66 /* Base */,
			);
			name = Main.storyboard;
			sourceTree = "<group>";
		};
		0178383C1F81CA6300965D66 /* LaunchScreen.storyboard */ = {
			isa = PBXVariantGroup;
			children = (
				0178383D1F81CA6300965D66 /* Base */,
			);
			name = LaunchScreen.storyboard;
			sourceTree = "<group>";
		};
/* End PBXVariantGroup section */

/* Begin XCBuildConfiguration section */
		017838401F81CA6300965D66 /* Debug */ = {
			isa = XCBuildConfiguration;
			buildSettings = {
				ALWAYS_SEARCH_USER_PATHS = NO;
				CLANG_ANALYZER_NONNULL = YES;
				CLANG_ANALYZER_NUMBER_OBJECT_CONVERSION = YES_AGGRESSIVE;
				CLANG_CXX_LANGUAGE_STANDARD = "gnu++0x";
				CLANG_CXX_LIBRARY = "libc++";
				CLANG_ENABLE_MODULES = YES;
				CLANG_ENABLE_OBJC_ARC = YES;
				CLANG_WARN_BOOL_CONVERSION = YES;
				CLANG_WARN_CONSTANT_CONVERSION = YES;
				CLANG_WARN_DIRECT_OBJC_ISA_USAGE = YES_ERROR;
				CLANG_WARN_DOCUMENTATION_COMMENTS = YES;
				CLANG_WARN_EMPTY_BODY = YES;
				CLANG_WARN_ENUM_CONVERSION = YES;
				CLANG_WARN_INFINITE_RECURSION = YES;
				CLANG_WARN_INT_CONVERSION = YES;
				CLANG_WARN_OBJC_ROOT_CLASS = YES_ERROR;
				CLANG_WARN_SUSPICIOUS_MOVE = YES;
				CLANG_WARN_UNREACHABLE_CODE = YES;
				CLANG_WARN__DUPLICATE_METHOD_MATCH = YES;
				"CODE_SIGN_IDENTITY[sdk=iphoneos*]" = "iPhone Developer";
				COPY_PHASE_STRIP = NO;
				DEBUG_INFORMATION_FORMAT = dwarf;
				ENABLE_STRICT_OBJC_MSGSEND = YES;
				ENABLE_TESTABILITY = YES;
				GCC_C_LANGUAGE_STANDARD = gnu99;
				GCC_DYNAMIC_NO_PIC = NO;
				GCC_NO_COMMON_BLOCKS = YES;
				GCC_OPTIMIZATION_LEVEL = 0;
				GCC_PREPROCESSOR_DEFINITIONS = (
					"DEBUG=1",
					"$(inherited)",
				);
				GCC_WARN_64_TO_32_BIT_CONVERSION = YES;
				GCC_WARN_ABOUT_RETURN_TYPE = YES_ERROR;
				GCC_WARN_UNDECLARED_SELECTOR = YES;
				GCC_WARN_UNINITIALIZED_AUTOS = YES_AGGRESSIVE;
				GCC_WARN_UNUSED_FUNCTION = YES;
				GCC_WARN_UNUSED_VARIABLE = YES;
				IPHONEOS_DEPLOYMENT_TARGET = 10.3;
				MTL_ENABLE_DEBUG_INFO = YES;
				ONLY_ACTIVE_ARCH = YES;
				SDKROOT = iphoneos;
				SWIFT_ACTIVE_COMPILATION_CONDITIONS = DEBUG;
				SWIFT_OPTIMIZATION_LEVEL = "-Onone";
				TARGETED_DEVICE_FAMILY = "1,2";
			};
			name = Debug;
		};
		017838411F81CA6300965D66 /* Release */ = {
			isa = XCBuildConfiguration;
			buildSettings = {
				ALWAYS_SEARCH_USER_PATHS = NO;
				CLANG_ANALYZER_NONNULL = YES;
				CLANG_ANALYZER_NUMBER_OBJECT_CONVERSION = YES_AGGRESSIVE;
				CLANG_CXX_LANGUAGE_STANDARD = "gnu++0x";
				CLANG_CXX_LIBRARY = "libc++";
				CLANG_ENABLE_MODULES = YES;
				CLANG_ENABLE_OBJC_ARC = YES;
				CLANG_WARN_BOOL_CONVERSION = YES;
				CLANG_WARN_CONSTANT_CONVERSION = YES;
				CLANG_WARN_DIRECT_OBJC_ISA_USAGE = YES_ERROR;
				CLANG_WARN_DOCUMENTATION_COMMENTS = YES;
				CLANG_WARN_EMPTY_BODY = YES;
				CLANG_WARN_ENUM_CONVERSION = YES;
				CLANG_WARN_INFINITE_RECURSION = YES;
				CLANG_WARN_INT_CONVERSION = YES;
				CLANG_WARN_OBJC_ROOT_CLASS = YES_ERROR;
				CLANG_WARN_SUSPICIOUS_MOVE = YES;
				CLANG_WARN_UNREACHABLE_CODE = YES;
				CLANG_WARN__DUPLICATE_METHOD_MATCH = YES;
				"CODE_SIGN_IDENTITY[sdk=iphoneos*]" = "iPhone Developer";
				COPY_PHASE_STRIP = NO;
				DEBUG_INFORMATION_FORMAT = "dwarf-with-dsym";
				ENABLE_NS_ASSERTIONS = NO;
				ENABLE_STRICT_OBJC_MSGSEND = YES;
				GCC_C_LANGUAGE_STANDARD = gnu99;
				GCC_NO_COMMON_BLOCKS = YES;
				GCC_WARN_64_TO_32_BIT_CONVERSION = YES;
				GCC_WARN_ABOUT_RETURN_TYPE = YES_ERROR;
				GCC_WARN_UNDECLARED_SELECTOR = YES;
				GCC_WARN_UNINITIALIZED_AUTOS = YES_AGGRESSIVE;
				GCC_WARN_UNUSED_FUNCTION = YES;
				GCC_WARN_UNUSED_VARIABLE = YES;
				IPHONEOS_DEPLOYMENT_TARGET = 10.3;
				MTL_ENABLE_DEBUG_INFO = NO;
				SDKROOT = iphoneos;
				SWIFT_OPTIMIZATION_LEVEL = "-Owholemodule";
				TARGETED_DEVICE_FAMILY = "1,2";
				VALIDATE_PRODUCT = YES;
			};
			name = Release;
		};
		017838431F81CA6300965D66 /* Debug */ = {
			isa = XCBuildConfiguration;
			buildSettings = {
				ASSETCATALOG_COMPILER_APPICON_NAME = AppIcon;
				INFOPLIST_FILE = SwiftyCats/Info.plist;
				LD_RUNPATH_SEARCH_PATHS = "$(inherited) @executable_path/Frameworks";
				PRODUCT_BUNDLE_IDENTIFIER = com.nickguerrero.SwiftyCats;
				PRODUCT_NAME = "$(TARGET_NAME)";
				SWIFT_VERSION = 3.0;
			};
			name = Debug;
		};
		017838441F81CA6300965D66 /* Release */ = {
			isa = XCBuildConfiguration;
			buildSettings = {
				ASSETCATALOG_COMPILER_APPICON_NAME = AppIcon;
				INFOPLIST_FILE = SwiftyCats/Info.plist;
				LD_RUNPATH_SEARCH_PATHS = "$(inherited) @executable_path/Frameworks";
				PRODUCT_BUNDLE_IDENTIFIER = com.nickguerrero.SwiftyCats;
				PRODUCT_NAME = "$(TARGET_NAME)";
				SWIFT_VERSION = 3.0;
			};
			name = Release;
		};
/* End XCBuildConfiguration section */

/* Begin XCConfigurationList section */
		017838281F81CA6300965D66 /* Build configuration list for PBXProject "SwiftyCats" */ = {
			isa = XCConfigurationList;
			buildConfigurations = (
				017838401F81CA6300965D66 /* Debug */,
				017838411F81CA6300965D66 /* Release */,
			);
			defaultConfigurationIsVisible = 0;
			defaultConfigurationName = Release;
		};
		017838421F81CA6300965D66 /* Build configuration list for PBXNativeTarget "SwiftyCats" */ = {
			isa = XCConfigurationList;
			buildConfigurations = (
				017838431F81CA6300965D66 /* Debug */,
				017838441F81CA6300965D66 /* Release */,
			);
			defaultConfigurationIsVisible = 0;
		};
/* End XCConfigurationList section */

/* Begin XCVersionGroup section */
		017838371F81CA6300965D66 /* SwiftyCats.xcdatamodeld */ = {
			isa = XCVersionGroup;
			children = (
				017838381F81CA6300965D66 /* SwiftyCats.xcdatamodel */,
			);
			currentVersion = 017838381F81CA6300965D66 /* SwiftyCats.xcdatamodel */;
			path = SwiftyCats.xcdatamodeld;
			sourceTree = "<group>";
			versionGroupType = wrapper.xcdatamodel;
		};
/* End XCVersionGroup section */
	};
	rootObject = 017838251F81CA6300965D66 /* Project object */;
}
